<Solution>
  <Configurations>
    <Platform Name="x64" />
    <Platform Name="x86" />
  </Configurations>
  <Project Path="Graphic_LR_1/Graphic_LR_1.vcxproj" Id="e921b4e8-e0b8-4c3c-b864-a56750b2790d" />
  <Project Path="Graphic_LR_2/Graphic_LR_2.vcxproj" Id="994d3311-4195-4f2b-b7e2-a3bf6bbb4372" />
  <Project Path="Graphic_LR_4/Graphic_LR_4.vcxproj" Id="b1cddf52-ae98-43b6-9b20-6147c15c282e" />
</Solution>
